
Microsoft Visual Studio Solution File, Format Version 12.00
# Visual Studio Version 17
VisualStudioVersion = 17.14.36203.30 d17.14
MinimumVisualStudioVersion = 10.0.40219.1
Project("{FAE04EC0-301F-11D3-BF4B-00C04F79EFBC}") = "SchoolManagement", "SchoolManagement.csproj", "{6238F607-F7ED-4906-94BC-66C5EDD4D2C3}"
EndProject
Global
	GlobalSection(SolutionConfigurationPlatforms) = preSolution
		Debug|Any CPU = Debug|Any CPU
		Release|Any CPU = Release|Any CPU
	EndGlobalSection
	GlobalSection(ProjectConfigurationPlatforms) = postSolution
		{6238F607-F7ED-4906-94BC-66C5EDD4D2C3}.Debug|Any CPU.ActiveCfg = Debug|Any CPU
		{6238F607-F7ED-4906-94BC-66C5EDD4D2C3}.Debug|Any CPU.Build.0 = Debug|Any CPU
		{6238F607-F7ED-4906-94BC-66C5EDD4D2C3}.Release|Any CPU.ActiveCfg = Release|Any CPU
		{6238F607-F7ED-4906-94BC-66C5EDD4D2C3}.Release|Any CPU.Build.0 = Release|Any CPU
	EndGlobalSection
	GlobalSection(SolutionProperties) = preSolution
		HideSolutionNode = FALSE
	EndGlobalSection
	GlobalSection(ExtensibilityGlobals) = postSolution
		SolutionGuid = {9A75A8B5-8781-4392-88B2-5D92ABD151AF}
	EndGlobalSection
EndGlobal
